// !$*UTF8*$!
{
	archiveVersion = 1;
	classes = {
	};
	objectVersion = 56;
	objects = {

/* Begin PBXBuildFile section */
		49A9C4B72C41931D00E569C6 /* ContentView.swift in Sources */ = {isa = PBXBuildFile; fileRef = 49A9C4B62C41931D00E569C6 /* ContentView.swift */; };
		49A9C4B92C4196E700E569C6 /* DoctorView.swift in Sources */ = {isa = PBXBuildFile; fileRef = 49A9C4B82C4196E700E569C6 /* DoctorView.swift */; };
		49A9C4BB2C4196FC00E569C6 /* PatientView.swift in Sources */ = {isa = PBXBuildFile; fileRef = 49A9C4BA2C4196FC00E569C6 /* PatientView.swift */; };
		49A9C4F52C41BC1100E569C6 /* ARViewContainer.swift in Sources */ = {isa = PBXBuildFile; fileRef = 49A9C4F42C41BC1100E569C6 /* ARViewContainer.swift */; };
		49DAF4802C3701AB00A3CE38 /* ProjectApp.swift in Sources */ = {isa = PBXBuildFile; fileRef = 49DAF47F2C3701AB00A3CE38 /* ProjectApp.swift */; };
		49DAF4842C3701AE00A3CE38 /* Assets.xcassets in Resources */ = {isa = PBXBuildFile; fileRef = 49DAF4832C3701AE00A3CE38 /* Assets.xcassets */; };
		49DAF4912C3701AE00A3CE38 /* ProjectTests.swift in Sources */ = {isa = PBXBuildFile; fileRef = 49DAF4902C3701AE00A3CE38 /* ProjectTests.swift */; };
		49DAF49B2C3701AE00A3CE38 /* ProjectUITests.swift in Sources */ = {isa = PBXBuildFile; fileRef = 49DAF49A2C3701AE00A3CE38 /* ProjectUITests.swift */; };
		49DAF49D2C3701AE00A3CE38 /* ProjectUITestsLaunchTests.swift in Sources */ = {isa = PBXBuildFile; fileRef = 49DAF49C2C3701AE00A3CE38 /* ProjectUITestsLaunchTests.swift */; };
/* End PBXBuildFile section */

/* Begin PBXContainerItemProxy section */
		49DAF48D2C3701AE00A3CE38 /* PBXContainerItemProxy */ = {
			isa = PBXContainerItemProxy;
			containerPortal = 49DAF4742C3701AB00A3CE38 /* Project object */;
			proxyType = 1;
			remoteGlobalIDString = 49DAF47B2C3701AB00A3CE38;
			remoteInfo = Project;
		};
		49DAF4972C3701AE00A3CE38 /* PBXContainerItemProxy */ = {
			isa = PBXContainerItemProxy;
			containerPortal = 49DAF4742C3701AB00A3CE38 /* Project object */;
			proxyType = 1;
			remoteGlobalIDString = 49DAF47B2C3701AB00A3CE38;
			remoteInfo = Project;
		};
/* End PBXContainerItemProxy section */

/* Begin PBXFileReference section */
		49A9C4B62C41931D00E569C6 /* ContentView.swift */ = {isa = PBXFileReference; lastKnownFileType = sourcecode.swift; path = ContentView.swift; sourceTree = "<group>"; };
		49A9C4B82C4196E700E569C6 /* DoctorView.swift */ = {isa = PBXFileReference; lastKnownFileType = sourcecode.swift; path = DoctorView.swift; sourceTree = "<group>"; };
		49A9C4BA2C4196FC00E569C6 /* PatientView.swift */ = {isa = PBXFileReference; lastKnownFileType = sourcecode.swift; path = PatientView.swift; sourceTree = "<group>"; };
		49A9C4F42C41BC1100E569C6 /* ARViewContainer.swift */ = {isa = PBXFileReference; lastKnownFileType = sourcecode.swift; path = ARViewContainer.swift; sourceTree = "<group>"; };
		49DAF47C2C3701AB00A3CE38 /* Project.app */ = {isa = PBXFileReference; explicitFileType = wrapper.application; includeInIndex = 0; path = Project.app; sourceTree = BUILT_PRODUCTS_DIR; };
		49DAF47F2C3701AB00A3CE38 /* ProjectApp.swift */ = {isa = PBXFileReference; lastKnownFileType = sourcecode.swift; path = ProjectApp.swift; sourceTree = "<group>"; };
		49DAF4832C3701AE00A3CE38 /* Assets.xcassets */ = {isa = PBXFileReference; lastKnownFileType = folder.assetcatalog; path = Assets.xcassets; sourceTree = "<group>"; };
		49DAF48C2C3701AE00A3CE38 /* ProjectTests.xctest */ = {isa = PBXFileReference; explicitFileType = wrapper.cfbundle; includeInIndex = 0; path = ProjectTests.xctest; sourceTree = BUILT_PRODUCTS_DIR; };
		49DAF4902C3701AE00A3CE38 /* ProjectTests.swift */ = {isa = PBXFileReference; lastKnownFileType = sourcecode.swift; path = ProjectTests.swift; sourceTree = "<group>"; };
		49DAF4962C3701AE00A3CE38 /* ProjectUITests.xctest */ = {isa = PBXFileReference; explicitFileType = wrapper.cfbundle; includeInIndex = 0; path = ProjectUITests.xctest; sourceTree = BUILT_PRODUCTS_DIR; };
		49DAF49A2C3701AE00A3CE38 /* ProjectUITests.swift */ = {isa = PBXFileReference; lastKnownFileType = sourcecode.swift; path = ProjectUITests.swift; sourceTree = "<group>"; };
		49DAF49C2C3701AE00A3CE38 /* ProjectUITestsLaunchTests.swift */ = {isa = PBXFileReference; lastKnownFileType = sourcecode.swift; path = ProjectUITestsLaunchTests.swift; sourceTree = "<group>"; };
/* End PBXFileReference section */

/* Begin PBXFrameworksBuildPhase section */
		49DAF4792C3701AB00A3CE38 /* Frameworks */ = {
			isa = PBXFrameworksBuildPhase;
			buildActionMask = 2147483647;
			files = (
			);
			runOnlyForDeploymentPostprocessing = 0;
		};
		49DAF4892C3701AE00A3CE38 /* Frameworks */ = {
			isa = PBXFrameworksBuildPhase;
			buildActionMask = 2147483647;
			files = (
			);
			runOnlyForDeploymentPostprocessing = 0;
		};
		49DAF4932C3701AE00A3CE38 /* Frameworks */ = {
			isa = PBXFrameworksBuildPhase;
			buildActionMask = 2147483647;
			files = (
			);
			runOnlyForDeploymentPostprocessing = 0;
		};
/* End PBXFrameworksBuildPhase section */

/* Begin PBXGroup section */
		49A9C4BC2C41B33000E569C6 /* Preview Content */ = {
			isa = PBXGroup;
			children = (
			);
			path = "Preview Content";
			sourceTree = "<group>";
		};
		49DAF4732C3701AB00A3CE38 = {
			isa = PBXGroup;
			children = (
				49DAF47E2C3701AB00A3CE38 /* Project */,
				49DAF48F2C3701AE00A3CE38 /* ProjectTests */,
				49DAF4992C3701AE00A3CE38 /* ProjectUITests */,
				49DAF47D2C3701AB00A3CE38 /* Products */,
			);
			sourceTree = "<group>";
		};
		49DAF47D2C3701AB00A3CE38 /* Products */ = {
			isa = PBXGroup;
			children = (
				49DAF47C2C3701AB00A3CE38 /* Project.app */,
				49DAF48C2C3701AE00A3CE38 /* ProjectTests.xctest */,
				49DAF4962C3701AE00A3CE38 /* ProjectUITests.xctest */,
			);
			name = Products;
			sourceTree = "<group>";
		};
		49DAF47E2C3701AB00A3CE38 /* Project */ = {
			isa = PBXGroup;
			children = (
				49A9C4BC2C41B33000E569C6 /* Preview Content */,
				49DAF47F2C3701AB00A3CE38 /* ProjectApp.swift */,
				49A9C4B62C41931D00E569C6 /* ContentView.swift */,
				49A9C4B82C4196E700E569C6 /* DoctorView.swift */,
				49A9C4F42C41BC1100E569C6 /* ARViewContainer.swift */,
				49A9C4BA2C4196FC00E569C6 /* PatientView.swift */,
				49DAF4832C3701AE00A3CE38 /* Assets.xcassets */,
			);
			path = Project;
			sourceTree = "<group>";
		};
		49DAF48F2C3701AE00A3CE38 /* ProjectTests */ = {
			isa = PBXGroup;
			children = (
				49DAF4902C3701AE00A3CE38 /* ProjectTests.swift */,
			);
			path = ProjectTests;
			sourceTree = "<group>";
		};
		49DAF4992C3701AE00A3CE38 /* ProjectUITests */ = {
			isa = PBXGroup;
			children = (
				49DAF49A2C3701AE00A3CE38 /* ProjectUITests.swift */,
				49DAF49C2C3701AE00A3CE38 /* ProjectUITestsLaunchTests.swift */,
			);
			path = ProjectUITests;
			sourceTree = "<group>";
		};
/* End PBXGroup section */

/* Begin PBXNativeTarget section */
		49DAF47B2C3701AB00A3CE38 /* Project */ = {
			isa = PBXNativeTarget;
			buildConfigurationList = 49DAF4A02C3701AE00A3CE38 /* Build configuration list for PBXNativeTarget "Project" */;
			buildPhases = (
				49DAF4782C3701AB00A3CE38 /* Sources */,
				49DAF4792C3701AB00A3CE38 /* Frameworks */,
				49DAF47A2C3701AB00A3CE38 /* Resources */,
			);
			buildRules = (
			);
			dependencies = (
			);
			name = Project;
			productName = Project;
			productReference = 49DAF47C2C3701AB00A3CE38 /* Project.app */;
			productType = "com.apple.product-type.application";
		};
		49DAF48B2C3701AE00A3CE38 /* ProjectTests */ = {
			isa = PBXNativeTarget;
			buildConfigurationList = 49DAF4A32C3701AE00A3CE38 /* Build configuration list for PBXNativeTarget "ProjectTests" */;
			buildPhases = (
				49DAF4882C3701AE00A3CE38 /* Sources */,
				49DAF4892C3701AE00A3CE38 /* Frameworks */,
				49DAF48A2C3701AE00A3CE38 /* Resources */,
			);
			buildRules = (
			);
			dependencies = (
				49DAF48E2C3701AE00A3CE38 /* PBXTargetDependency */,
			);
			name = ProjectTests;
			productName = ProjectTests;
			productReference = 49DAF48C2C3701AE00A3CE38 /* ProjectTests.xctest */;
			productType = "com.apple.product-type.bundle.unit-test";
		};
		49DAF4952C3701AE00A3CE38 /* ProjectUITests */ = {
			isa = PBXNativeTarget;
			buildConfigurationList = 49DAF4A62C3701AE00A3CE38 /* Build configuration list for PBXNativeTarget "ProjectUITests" */;
			buildPhases = (
				49DAF4922C3701AE00A3CE38 /* Sources */,
				49DAF4932C3701AE00A3CE38 /* Frameworks */,
				49DAF4942C3701AE00A3CE38 /* Resources */,
			);
			buildRules = (
			);
			dependencies = (
				49DAF4982C3701AE00A3CE38 /* PBXTargetDependency */,
			);
			name = ProjectUITests;
			productName = ProjectUITests;
			productReference = 49DAF4962C3701AE00A3CE38 /* ProjectUITests.xctest */;
			productType = "com.apple.product-type.bundle.ui-testing";
		};
/* End PBXNativeTarget section */

/* Begin PBXProject section */
		49DAF4742C3701AB00A3CE38 /* Project object */ = {
			isa = PBXProject;
			attributes = {
				BuildIndependentTargetsInParallel = 1;
				LastSwiftUpdateCheck = 1540;
				LastUpgradeCheck = 1540;
				TargetAttributes = {
					49DAF47B2C3701AB00A3CE38 = {
						CreatedOnToolsVersion = 15.4;
					};
					49DAF48B2C3701AE00A3CE38 = {
						CreatedOnToolsVersion = 15.4;
						TestTargetID = 49DAF47B2C3701AB00A3CE38;
					};
					49DAF4952C3701AE00A3CE38 = {
						CreatedOnToolsVersion = 15.4;
						TestTargetID = 49DAF47B2C3701AB00A3CE38;
					};
				};
			};
			buildConfigurationList = 49DAF4772C3701AB00A3CE38 /* Build configuration list for PBXProject "Project" */;
			compatibilityVersion = "Xcode 14.0";
			developmentRegion = en;
			hasScannedForEncodings = 0;
			knownRegions = (
				en,
				Base,
			);
			mainGroup = 49DAF4732C3701AB00A3CE38;
			productRefGroup = 49DAF47D2C3701AB00A3CE38 /* Products */;
			projectDirPath = "";
			projectRoot = "";
			targets = (
				49DAF47B2C3701AB00A3CE38 /* Project */,
				49DAF48B2C3701AE00A3CE38 /* ProjectTests */,
				49DAF4952C3701AE00A3CE38 /* ProjectUITests */,
			);
		};
/* End PBXProject section */

/* Begin PBXResourcesBuildPhase section */
		49DAF47A2C3701AB00A3CE38 /* Resources */ = {
			isa = PBXResourcesBuildPhase;
			buildActionMask = 2147483647;
			files = (
				49DAF4842C3701AE00A3CE38 /* Assets.xcassets in Resources */,
			);
			runOnlyForDeploymentPostprocessing = 0;
		};
		49DAF48A2C3701AE00A3CE38 /* Resources */ = {
			isa = PBXResourcesBuildPhase;
			buildActionMask = 2147483647;
			files = (
			);
			runOnlyForDeploymentPostprocessing = 0;
		};
		49DAF4942C3701AE00A3CE38 /* Resources */ = {
			isa = PBXResourcesBuildPhase;
			buildActionMask = 2147483647;
			files = (
			);
			runOnlyForDeploymentPostprocessing = 0;
		};
/* End PBXResourcesBuildPhase section */

/* Begin PBXSourcesBuildPhase section */
		49DAF4782C3701AB00A3CE38 /* Sources */ = {
			isa = PBXSourcesBuildPhase;
			buildActionMask = 2147483647;
			files = (
				49A9C4BB2C4196FC00E569C6 /* PatientView.swift in Sources */,
				49A9C4B72C41931D00E569C6 /* ContentView.swift in Sources */,
				49DAF4802C3701AB00A3CE38 /* ProjectApp.swift in Sources */,
				49A9C4B92C4196E700E569C6 /* DoctorView.swift in Sources */,
				49A9C4F52C41BC1100E569C6 /* ARViewContainer.swift in Sources */,
			);
			runOnlyForDeploymentPostprocessing = 0;
		};
		49DAF4882C3701AE00A3CE38 /* Sources */ = {
			isa = PBXSourcesBuildPhase;
			buildActionMask = 2147483647;
			files = (
				49DAF4912C3701AE00A3CE38 /* ProjectTests.swift in Sources */,
			);
			runOnlyForDeploymentPostprocessing = 0;
		};
		49DAF4922C3701AE00A3CE38 /* Sources */ = {
			isa = PBXSourcesBuildPhase;
			buildActionMask = 2147483647;
			files = (
				49DAF49D2C3701AE00A3CE38 /* ProjectUITestsLaunchTests.swift in Sources */,
				49DAF49B2C3701AE00A3CE38 /* ProjectUITests.swift in Sources */,
			);
			runOnlyForDeploymentPostprocessing = 0;
		};
/* End PBXSourcesBuildPhase section */

/* Begin PBXTargetDependency section */
		49DAF48E2C3701AE00A3CE38 /* PBXTargetDependency */ = {
			isa = PBXTargetDependency;
			target = 49DAF47B2C3701AB00A3CE38 /* Project */;
			targetProxy = 49DAF48D2C3701AE00A3CE38 /* PBXContainerItemProxy */;
		};
		49DAF4982C3701AE00A3CE38 /* PBXTargetDependency */ = {
			isa = PBXTargetDependency;
			target = 49DAF47B2C3701AB00A3CE38 /* Project */;
			targetProxy = 49DAF4972C3701AE00A3CE38 /* PBXContainerItemProxy */;
		};
/* End PBXTargetDependency section */

/* Begin XCBuildConfiguration section */
		49DAF49E2C3701AE00A3CE38 /* Debug */ = {
			isa = XCBuildConfiguration;
			buildSettings = {
				ALWAYS_SEARCH_USER_PATHS = NO;
				ASSETCATALOG_COMPILER_GENERATE_SWIFT_ASSET_SYMBOL_EXTENSIONS = YES;
				CLANG_ANALYZER_NONNULL = YES;
				CLANG_ANALYZER_NUMBER_OBJECT_CONVERSION = YES_AGGRESSIVE;
				CLANG_CXX_LANGUAGE_STANDARD = "gnu++20";
				CLANG_ENABLE_MODULES = YES;
				CLANG_ENABLE_OBJC_ARC = YES;
				CLANG_ENABLE_OBJC_WEAK = YES;
				CLANG_WARN_BLOCK_CAPTURE_AUTORELEASING = YES;
				CLANG_WARN_BOOL_CONVERSION = YES;
				CLANG_WARN_COMMA = YES;
				CLANG_WARN_CONSTANT_CONVERSION = YES;
				CLANG_WARN_DEPRECATED_OBJC_IMPLEMENTATIONS = YES;
				CLANG_WARN_DIRECT_OBJC_ISA_USAGE = YES_ERROR;
				CLANG_WARN_DOCUMENTATION_COMMENTS = YES;
				CLANG_WARN_EMPTY_BODY = YES;
				CLANG_WARN_ENUM_CONVERSION = YES;
				CLANG_WARN_INFINITE_RECURSION = YES;
				CLANG_WARN_INT_CONVERSION = YES;
				CLANG_WARN_NON_LITERAL_NULL_CONVERSION = YES;
				CLANG_WARN_OBJC_IMPLICIT_RETAIN_SELF = YES;
				CLANG_WARN_OBJC_LITERAL_CONVERSION = YES;
				CLANG_WARN_OBJC_ROOT_CLASS = YES_ERROR;
				CLANG_WARN_QUOTED_INCLUDE_IN_FRAMEWORK_HEADER = YES;
				CLANG_WARN_RANGE_LOOP_ANALYSIS = YES;
				CLANG_WARN_STRICT_PROTOTYPES = YES;
				CLANG_WARN_SUSPICIOUS_MOVE = YES;
				CLANG_WARN_UNGUARDED_AVAILABILITY = YES_AGGRESSIVE;
				CLANG_WARN_UNREACHABLE_CODE = YES;
				CLANG_WARN__DUPLICATE_METHOD_MATCH = YES;
				COPY_PHASE_STRIP = NO;
				DEBUG_INFORMATION_FORMAT = dwarf;
				ENABLE_STRICT_OBJC_MSGSEND = YES;
				ENABLE_TESTABILITY = YES;
				ENABLE_USER_SCRIPT_SANDBOXING = YES;
				GCC_C_LANGUAGE_STANDARD = gnu17;
				GCC_DYNAMIC_NO_PIC = NO;
				GCC_NO_COMMON_BLOCKS = YES;
				GCC_OPTIMIZATION_LEVEL = 0;
				GCC_PREPROCESSOR_DEFINITIONS = (
					"DEBUG=1",
					"$(inherited)",
				);
				GCC_WARN_64_TO_32_BIT_CONVERSION = YES;
				GCC_WARN_ABOUT_RETURN_TYPE = YES_ERROR;
				GCC_WARN_UNDECLARED_SELECTOR = YES;
				GCC_WARN_UNINITIALIZED_AUTOS = YES_AGGRESSIVE;
				GCC_WARN_UNUSED_FUNCTION = YES;
				GCC_WARN_UNUSED_VARIABLE = YES;
				IPHONEOS_DEPLOYMENT_TARGET = 17.5;
				LOCALIZATION_PREFERS_STRING_CATALOGS = YES;
				MTL_ENABLE_DEBUG_INFO = INCLUDE_SOURCE;
				MTL_FAST_MATH = YES;
				ONLY_ACTIVE_ARCH = YES;
				SDKROOT = iphoneos;
				SWIFT_ACTIVE_COMPILATION_CONDITIONS = "DEBUG $(inherited)";
				SWIFT_OPTIMIZATION_LEVEL = "-Onone";
			};
			name = Debug;
		};
		49DAF49F2C3701AE00A3CE38 /* Release */ = {
			isa = XCBuildConfiguration;
			buildSettings = {
				ALWAYS_SEARCH_USER_PATHS = NO;
				ASSETCATALOG_COMPILER_GENERATE_SWIFT_ASSET_SYMBOL_EXTENSIONS = YES;
				CLANG_ANALYZER_NONNULL = YES;
				CLANG_ANALYZER_NUMBER_OBJECT_CONVERSION = YES_AGGRESSIVE;
				CLANG_CXX_LANGUAGE_STANDARD = "gnu++20";
				CLANG_ENABLE_MODULES = YES;
				CLANG_ENABLE_OBJC_ARC = YES;
				CLANG_ENABLE_OBJC_WEAK = YES;
				CLANG_WARN_BLOCK_CAPTURE_AUTORELEASING = YES;
				CLANG_WARN_BOOL_CONVERSION = YES;
				CLANG_WARN_COMMA = YES;
				CLANG_WARN_CONSTANT_CONVERSION = YES;
				CLANG_WARN_DEPRECATED_OBJC_IMPLEMENTATIONS = YES;
				CLANG_WARN_DIRECT_OBJC_ISA_USAGE = YES_ERROR;
				CLANG_WARN_DOCUMENTATION_COMMENTS = YES;
				CLANG_WARN_EMPTY_BODY = YES;
				CLANG_WARN_ENUM_CONVERSION = YES;
				CLANG_WARN_INFINITE_RECURSION = YES;
				CLANG_WARN_INT_CONVERSION = YES;
				CLANG_WARN_NON_LITERAL_NULL_CONVERSION = YES;
				CLANG_WARN_OBJC_IMPLICIT_RETAIN_SELF = YES;
				CLANG_WARN_OBJC_LITERAL_CONVERSION = YES;
				CLANG_WARN_OBJC_ROOT_CLASS = YES_ERROR;
				CLANG_WARN_QUOTED_INCLUDE_IN_FRAMEWORK_HEADER = YES;
				CLANG_WARN_RANGE_LOOP_ANALYSIS = YES;
				CLANG_WARN_STRICT_PROTOTYPES = YES;
				CLANG_WARN_SUSPICIOUS_MOVE = YES;
				CLANG_WARN_UNGUARDED_AVAILABILITY = YES_AGGRESSIVE;
				CLANG_WARN_UNREACHABLE_CODE = YES;
				CLANG_WARN__DUPLICATE_METHOD_MATCH = YES;
				COPY_PHASE_STRIP = NO;
				DEBUG_INFORMATION_FORMAT = "dwarf-with-dsym";
				ENABLE_NS_ASSERTIONS = NO;
				ENABLE_STRICT_OBJC_MSGSEND = YES;
				ENABLE_USER_SCRIPT_SANDBOXING = YES;
				GCC_C_LANGUAGE_STANDARD = gnu17;
				GCC_NO_COMMON_BLOCKS = YES;
				GCC_WARN_64_TO_32_BIT_CONVERSION = YES;
				GCC_WARN_ABOUT_RETURN_TYPE = YES_ERROR;
				GCC_WARN_UNDECLARED_SELECTOR = YES;
				GCC_WARN_UNINITIALIZED_AUTOS = YES_AGGRESSIVE;
				GCC_WARN_UNUSED_FUNCTION = YES;
				GCC_WARN_UNUSED_VARIABLE = YES;
				IPHONEOS_DEPLOYMENT_TARGET = 17.5;
				LOCALIZATION_PREFERS_STRING_CATALOGS = YES;
				MTL_ENABLE_DEBUG_INFO = NO;
				MTL_FAST_MATH = YES;
				SDKROOT = iphoneos;
				SWIFT_COMPILATION_MODE = wholemodule;
				VALIDATE_PRODUCT = YES;
			};
			name = Release;
		};
		49DAF4A12C3701AE00A3CE38 /* Debug */ = {
			isa = XCBuildConfiguration;
			buildSettings = {
				ASSETCATALOG_COMPILER_APPICON_NAME = AppIcon;
				ASSETCATALOG_COMPILER_GLOBAL_ACCENT_COLOR_NAME = AccentColor;
				CODE_SIGN_STYLE = Automatic;
				CURRENT_PROJECT_VERSION = 1;
				DEVELOPMENT_ASSET_PATHS = "\"Project/Preview Content\"";
				DEVELOPMENT_TEAM = 5AJ2MAHG7K;
				ENABLE_PREVIEWS = YES;
				GENERATE_INFOPLIST_FILE = YES;
				INFOPLIST_KEY_NSCameraUsageDescription = "L'applicazione necessita l'uso della camera";
				INFOPLIST_KEY_UIApplicationSceneManifest_Generation = YES;
				INFOPLIST_KEY_UIApplicationSupportsIndirectInputEvents = YES;
				INFOPLIST_KEY_UILaunchScreen_Generation = YES;
				INFOPLIST_KEY_UISupportedInterfaceOrientations_iPad = "UIInterfaceOrientationPortrait UIInterfaceOrientationPortraitUpsideDown UIInterfaceOrientationLandscapeLeft UIInterfaceOrientationLandscapeRight";
				INFOPLIST_KEY_UISupportedInterfaceOrientations_iPhone = "UIInterfaceOrientationPortrait UIInterfaceOrientationLandscapeLeft UIInterfaceOrientationLandscapeRight";
				LD_RUNPATH_SEARCH_PATHS = (
					"$(inherited)",
					"@executable_path/Frameworks",
				);
				MARKETING_VERSION = 1.0;
				PRODUCT_BUNDLE_IDENTIFIER = mobidev.AnkleUltrasoundPositioning;
				PRODUCT_NAME = "$(TARGET_NAME)";
				SWIFT_EMIT_LOC_STRINGS = YES;
				SWIFT_VERSION = 5.0;
				TARGETED_DEVICE_FAMILY = "1,2";
			};
			name = Debug;
		};
		49DAF4A22C3701AE00A3CE38 /* Release */ = {
			isa = XCBuildConfiguration;
			buildSettings = {
				ASSETCATALOG_COMPILER_APPICON_NAME = AppIcon;
				ASSETCATALOG_COMPILER_GLOBAL_ACCENT_COLOR_NAME = AccentColor;
				CODE_SIGN_STYLE = Automatic;
				CURRENT_PROJECT_VERSION = 1;
				DEVELOPMENT_ASSET_PATHS = "\"Project/Preview Content\"";
				DEVELOPMENT_TEAM = 5AJ2MAHG7K;
				ENABLE_PREVIEWS = YES;
				GENERATE_INFOPLIST_FILE = YES;
				INFOPLIST_KEY_NSCameraUsageDescription = "L'applicazione necessita l'uso della camera";
				INFOPLIST_KEY_UIApplicationSceneManifest_Generation = YES;
				INFOPLIST_KEY_UIApplicationSupportsIndirectInputEvents = YES;
				INFOPLIST_KEY_UILaunchScreen_Generation = YES;
				INFOPLIST_KEY_UISupportedInterfaceOrientations_iPad = "UIInterfaceOrientationPortrait UIInterfaceOrientationPortraitUpsideDown UIInterfaceOrientationLandscapeLeft UIInterfaceOrientationLandscapeRight";
				INFOPLIST_KEY_UISupportedInterfaceOrientations_iPhone = "UIInterfaceOrientationPortrait UIInterfaceOrientationLandscapeLeft UIInterfaceOrientationLandscapeRight";
				LD_RUNPATH_SEARCH_PATHS = (
					"$(inherited)",
					"@executable_path/Frameworks",
				);
				MARKETING_VERSION = 1.0;
				PRODUCT_BUNDLE_IDENTIFIER = mobidev.AnkleUltrasoundPositioning;
				PRODUCT_NAME = "$(TARGET_NAME)";
				SWIFT_EMIT_LOC_STRINGS = YES;
				SWIFT_VERSION = 5.0;
				TARGETED_DEVICE_FAMILY = "1,2";
			};
			name = Release;
		};
		49DAF4A42C3701AE00A3CE38 /* Debug */ = {
			isa = XCBuildConfiguration;
			buildSettings = {
				ALWAYS_EMBED_SWIFT_STANDARD_LIBRARIES = YES;
				BUNDLE_LOADER = "$(TEST_HOST)";
				CODE_SIGN_STYLE = Automatic;
				CURRENT_PROJECT_VERSION = 1;
				DEVELOPMENT_TEAM = 5AJ2MAHG7K;
				GENERATE_INFOPLIST_FILE = YES;
				IPHONEOS_DEPLOYMENT_TARGET = 17.5;
				MARKETING_VERSION = 1.0;
				PRODUCT_BUNDLE_IDENTIFIER = mobidev.ProjectTests;
				PRODUCT_NAME = "$(TARGET_NAME)";
				SWIFT_EMIT_LOC_STRINGS = NO;
				SWIFT_VERSION = 5.0;
				TARGETED_DEVICE_FAMILY = "1,2";
				TEST_HOST = "$(BUILT_PRODUCTS_DIR)/Project.app/$(BUNDLE_EXECUTABLE_FOLDER_PATH)/Project";
			};
			name = Debug;
		};
		49DAF4A52C3701AE00A3CE38 /* Release */ = {
			isa = XCBuildConfiguration;
			buildSettings = {
				ALWAYS_EMBED_SWIFT_STANDARD_LIBRARIES = YES;
				BUNDLE_LOADER = "$(TEST_HOST)";
				CODE_SIGN_STYLE = Automatic;
				CURRENT_PROJECT_VERSION = 1;
				DEVELOPMENT_TEAM = 5AJ2MAHG7K;
				GENERATE_INFOPLIST_FILE = YES;
				IPHONEOS_DEPLOYMENT_TARGET = 17.5;
				MARKETING_VERSION = 1.0;
				PRODUCT_BUNDLE_IDENTIFIER = mobidev.ProjectTests;
				PRODUCT_NAME = "$(TARGET_NAME)";
				SWIFT_EMIT_LOC_STRINGS = NO;
				SWIFT_VERSION = 5.0;
				TARGETED_DEVICE_FAMILY = "1,2";
				TEST_HOST = "$(BUILT_PRODUCTS_DIR)/Project.app/$(BUNDLE_EXECUTABLE_FOLDER_PATH)/Project";
			};
			name = Release;
		};
		49DAF4A72C3701AE00A3CE38 /* Debug */ = {
			isa = XCBuildConfiguration;
			buildSettings = {
				ALWAYS_EMBED_SWIFT_STANDARD_LIBRARIES = YES;
				CODE_SIGN_STYLE = Automatic;
				CURRENT_PROJECT_VERSION = 1;
				DEVELOPMENT_TEAM = 5AJ2MAHG7K;
				GENERATE_INFOPLIST_FILE = YES;
				MARKETING_VERSION = 1.0;
				PRODUCT_BUNDLE_IDENTIFIER = mobidev.ProjectUITests;
				PRODUCT_NAME = "$(TARGET_NAME)";
				SWIFT_EMIT_LOC_STRINGS = NO;
				SWIFT_VERSION = 5.0;
				TARGETED_DEVICE_FAMILY = "1,2";
				TEST_TARGET_NAME = Project;
			};
			name = Debug;
		};
		49DAF4A82C3701AE00A3CE38 /* Release */ = {
			isa = XCBuildConfiguration;
			buildSettings = {
				ALWAYS_EMBED_SWIFT_STANDARD_LIBRARIES = YES;
				CODE_SIGN_STYLE = Automatic;
				CURRENT_PROJECT_VERSION = 1;
				DEVELOPMENT_TEAM = 5AJ2MAHG7K;
				GENERATE_INFOPLIST_FILE = YES;
				MARKETING_VERSION = 1.0;
				PRODUCT_BUNDLE_IDENTIFIER = mobidev.ProjectUITests;
				PRODUCT_NAME = "$(TARGET_NAME)";
				SWIFT_EMIT_LOC_STRINGS = NO;
				SWIFT_VERSION = 5.0;
				TARGETED_DEVICE_FAMILY = "1,2";
				TEST_TARGET_NAME = Project;
			};
			name = Release;
		};
/* End XCBuildConfiguration section */

/* Begin XCConfigurationList section */
		49DAF4772C3701AB00A3CE38 /* Build configuration list for PBXProject "Project" */ = {
			isa = XCConfigurationList;
			buildConfigurations = (
				49DAF49E2C3701AE00A3CE38 /* Debug */,
				49DAF49F2C3701AE00A3CE38 /* Release */,
			);
			defaultConfigurationIsVisible = 0;
			defaultConfigurationName = Release;
		};
		49DAF4A02C3701AE00A3CE38 /* Build configuration list for PBXNativeTarget "Project" */ = {
			isa = XCConfigurationList;
			buildConfigurations = (
				49DAF4A12C3701AE00A3CE38 /* Debug */,
				49DAF4A22C3701AE00A3CE38 /* Release */,
			);
			defaultConfigurationIsVisible = 0;
			defaultConfigurationName = Release;
		};
		49DAF4A32C3701AE00A3CE38 /* Build configuration list for PBXNativeTarget "ProjectTests" */ = {
			isa = XCConfigurationList;
			buildConfigurations = (
				49DAF4A42C3701AE00A3CE38 /* Debug */,
				49DAF4A52C3701AE00A3CE38 /* Release */,
			);
			defaultConfigurationIsVisible = 0;
			defaultConfigurationName = Release;
		};
		49DAF4A62C3701AE00A3CE38 /* Build configuration list for PBXNativeTarget "ProjectUITests" */ = {
			isa = XCConfigurationList;
			buildConfigurations = (
				49DAF4A72C3701AE00A3CE38 /* Debug */,
				49DAF4A82C3701AE00A3CE38 /* Release */,
			);
			defaultConfigurationIsVisible = 0;
			defaultConfigurationName = Release;
		};
/* End XCConfigurationList section */
	};
	rootObject = 49DAF4742C3701AB00A3CE38 /* Project object */;
}
